// !$*UTF8*$!
{
	archiveVersion = 1;
	classes = {
	};
	objectVersion = 56;
	objects = {

/* Begin PBXBuildFile section */
		46D6CC742903353C009350A8 /* AppDelegate.swift in Sources */ = {isa = PBXBuildFile; fileRef = 46D6CC732903353C009350A8 /* AppDelegate.swift */; };
		46D6CC762903353C009350A8 /* SceneDelegate.swift in Sources */ = {isa = PBXBuildFile; fileRef = 46D6CC752903353C009350A8 /* SceneDelegate.swift */; };
		46D6CC782903353C009350A8 /* EmployeeViewController.swift in Sources */ = {isa = PBXBuildFile; fileRef = 46D6CC772903353C009350A8 /* EmployeeViewController.swift */; };
		46D6CC7B2903353C009350A8 /* Main.storyboard in Resources */ = {isa = PBXBuildFile; fileRef = 46D6CC792903353C009350A8 /* Main.storyboard */; };
		46D6CC7D2903353D009350A8 /* Assets.xcassets in Resources */ = {isa = PBXBuildFile; fileRef = 46D6CC7C2903353D009350A8 /* Assets.xcassets */; };
		46D6CC802903353D009350A8 /* LaunchScreen.storyboard in Resources */ = {isa = PBXBuildFile; fileRef = 46D6CC7E2903353D009350A8 /* LaunchScreen.storyboard */; };
		46D6CC8D29033610009350A8 /* APIManager.swift in Sources */ = {isa = PBXBuildFile; fileRef = 46D6CC8C29033610009350A8 /* APIManager.swift */; };
		46D6CC8F2903371A009350A8 /* EmployeeModel.swift in Sources */ = {isa = PBXBuildFile; fileRef = 46D6CC8E2903371A009350A8 /* EmployeeModel.swift */; };
		46D6CC9129033945009350A8 /* EmployeesViewModel.swift in Sources */ = {isa = PBXBuildFile; fileRef = 46D6CC9029033945009350A8 /* EmployeesViewModel.swift */; };
		46D6CC9429033BE0009350A8 /* EmployeeTableViewCell.swift in Sources */ = {isa = PBXBuildFile; fileRef = 46D6CC9229033BE0009350A8 /* EmployeeTableViewCell.swift */; };
		46D6CC9529033BE0009350A8 /* EmployeeTableViewCell.xib in Resources */ = {isa = PBXBuildFile; fileRef = 46D6CC9329033BE0009350A8 /* EmployeeTableViewCell.xib */; };
		46EC8B092904100A0014471E /* EmploeesList.xcdatamodeld in Sources */ = {isa = PBXBuildFile; fileRef = 46EC8B072904100A0014471E /* EmploeesList.xcdatamodeld */; };
		46EC8B0B290410150014471E /* DataStoreManager.swift in Sources */ = {isa = PBXBuildFile; fileRef = 46EC8B0A290410150014471E /* DataStoreManager.swift */; };
/* End PBXBuildFile section */

/* Begin PBXFileReference section */
		46D6CC702903353C009350A8 /* EmploeesList.app */ = {isa = PBXFileReference; explicitFileType = wrapper.application; includeInIndex = 0; path = EmploeesList.app; sourceTree = BUILT_PRODUCTS_DIR; };
		46D6CC732903353C009350A8 /* AppDelegate.swift */ = {isa = PBXFileReference; lastKnownFileType = sourcecode.swift; path = AppDelegate.swift; sourceTree = "<group>"; };
		46D6CC752903353C009350A8 /* SceneDelegate.swift */ = {isa = PBXFileReference; lastKnownFileType = sourcecode.swift; path = SceneDelegate.swift; sourceTree = "<group>"; };
		46D6CC772903353C009350A8 /* EmployeeViewController.swift */ = {isa = PBXFileReference; lastKnownFileType = sourcecode.swift; path = EmployeeViewController.swift; sourceTree = "<group>"; };
		46D6CC7A2903353C009350A8 /* Base */ = {isa = PBXFileReference; lastKnownFileType = file.storyboard; name = Base; path = Base.lproj/Main.storyboard; sourceTree = "<group>"; };
		46D6CC7C2903353D009350A8 /* Assets.xcassets */ = {isa = PBXFileReference; lastKnownFileType = folder.assetcatalog; path = Assets.xcassets; sourceTree = "<group>"; };
		46D6CC7F2903353D009350A8 /* Base */ = {isa = PBXFileReference; lastKnownFileType = file.storyboard; name = Base; path = Base.lproj/LaunchScreen.storyboard; sourceTree = "<group>"; };
		46D6CC812903353D009350A8 /* Info.plist */ = {isa = PBXFileReference; lastKnownFileType = text.plist.xml; path = Info.plist; sourceTree = "<group>"; };
		46D6CC8C29033610009350A8 /* APIManager.swift */ = {isa = PBXFileReference; lastKnownFileType = sourcecode.swift; path = APIManager.swift; sourceTree = "<group>"; };
		46D6CC8E2903371A009350A8 /* EmployeeModel.swift */ = {isa = PBXFileReference; lastKnownFileType = sourcecode.swift; path = EmployeeModel.swift; sourceTree = "<group>"; };
		46D6CC9029033945009350A8 /* EmployeesViewModel.swift */ = {isa = PBXFileReference; lastKnownFileType = sourcecode.swift; path = EmployeesViewModel.swift; sourceTree = "<group>"; };
		46D6CC9229033BE0009350A8 /* EmployeeTableViewCell.swift */ = {isa = PBXFileReference; lastKnownFileType = sourcecode.swift; path = EmployeeTableViewCell.swift; sourceTree = "<group>"; };
		46D6CC9329033BE0009350A8 /* EmployeeTableViewCell.xib */ = {isa = PBXFileReference; lastKnownFileType = file.xib; path = EmployeeTableViewCell.xib; sourceTree = "<group>"; };
		46EC8B082904100A0014471E /* EmploeesList.xcdatamodel */ = {isa = PBXFileReference; lastKnownFileType = wrapper.xcdatamodel; path = EmploeesList.xcdatamodel; sourceTree = "<group>"; };
		46EC8B0A290410150014471E /* DataStoreManager.swift */ = {isa = PBXFileReference; lastKnownFileType = sourcecode.swift; path = DataStoreManager.swift; sourceTree = "<group>"; };
/* End PBXFileReference section */

/* Begin PBXFrameworksBuildPhase section */
		46D6CC6D2903353C009350A8 /* Frameworks */ = {
			isa = PBXFrameworksBuildPhase;
			buildActionMask = 2147483647;
			files = (
			);
			runOnlyForDeploymentPostprocessing = 0;
		};
/* End PBXFrameworksBuildPhase section */

/* Begin PBXGroup section */
		46D6CC672903353C009350A8 = {
			isa = PBXGroup;
			children = (
				46D6CC722903353C009350A8 /* EmploeesList */,
				46D6CC712903353C009350A8 /* Products */,
			);
			sourceTree = "<group>";
		};
		46D6CC712903353C009350A8 /* Products */ = {
			isa = PBXGroup;
			children = (
				46D6CC702903353C009350A8 /* EmploeesList.app */,
			);
			name = Products;
			sourceTree = "<group>";
		};
		46D6CC722903353C009350A8 /* EmploeesList */ = {
			isa = PBXGroup;
			children = (
				46EC8B0629040FEC0014471E /* CoreData */,
				46D6CC8B290335EC009350A8 /* Service */,
				46D6CC8A290335E4009350A8 /* Source */,
				46D6CC89290335CA009350A8 /* ViewModels */,
				46D6CC88290335C4009350A8 /* Models */,
				46D6CC87290335B5009350A8 /* Views */,
				46D6CC7C2903353D009350A8 /* Assets.xcassets */,
				46D6CC812903353D009350A8 /* Info.plist */,
			);
			path = EmploeesList;
			sourceTree = "<group>";
		};
		46D6CC87290335B5009350A8 /* Views */ = {
			isa = PBXGroup;
			children = (
				46D6CC772903353C009350A8 /* EmployeeViewController.swift */,
				46D6CC9229033BE0009350A8 /* EmployeeTableViewCell.swift */,
				46D6CC9329033BE0009350A8 /* EmployeeTableViewCell.xib */,
			);
			path = Views;
			sourceTree = "<group>";
		};
		46D6CC88290335C4009350A8 /* Models */ = {
			isa = PBXGroup;
			children = (
				46D6CC8E2903371A009350A8 /* EmployeeModel.swift */,
			);
			path = Models;
			sourceTree = "<group>";
		};
		46D6CC89290335CA009350A8 /* ViewModels */ = {
			isa = PBXGroup;
			children = (
				46D6CC9029033945009350A8 /* EmployeesViewModel.swift */,
			);
			path = ViewModels;
			sourceTree = "<group>";
		};
		46D6CC8A290335E4009350A8 /* Source */ = {
			isa = PBXGroup;
			children = (
				46D6CC732903353C009350A8 /* AppDelegate.swift */,
				46D6CC752903353C009350A8 /* SceneDelegate.swift */,
				46D6CC792903353C009350A8 /* Main.storyboard */,
				46D6CC7E2903353D009350A8 /* LaunchScreen.storyboard */,
			);
			path = Source;
			sourceTree = "<group>";
		};
		46D6CC8B290335EC009350A8 /* Service */ = {
			isa = PBXGroup;
			children = (
				46D6CC8C29033610009350A8 /* APIManager.swift */,
			);
			path = Service;
			sourceTree = "<group>";
		};
		46EC8B0629040FEC0014471E /* CoreData */ = {
			isa = PBXGroup;
			children = (
				46EC8B072904100A0014471E /* EmploeesList.xcdatamodeld */,
				46EC8B0A290410150014471E /* DataStoreManager.swift */,
			);
			path = CoreData;
			sourceTree = "<group>";
		};
/* End PBXGroup section */

/* Begin PBXNativeTarget section */
		46D6CC6F2903353C009350A8 /* EmploeesList */ = {
			isa = PBXNativeTarget;
			buildConfigurationList = 46D6CC842903353D009350A8 /* Build configuration list for PBXNativeTarget "EmploeesList" */;
			buildPhases = (
				46D6CC6C2903353C009350A8 /* Sources */,
				46D6CC6D2903353C009350A8 /* Frameworks */,
				46D6CC6E2903353C009350A8 /* Resources */,
			);
			buildRules = (
			);
			dependencies = (
			);
			name = EmploeesList;
			productName = EmploeesList;
			productReference = 46D6CC702903353C009350A8 /* EmploeesList.app */;
			productType = "com.apple.product-type.application";
		};
/* End PBXNativeTarget section */

/* Begin PBXProject section */
		46D6CC682903353C009350A8 /* Project object */ = {
			isa = PBXProject;
			attributes = {
				BuildIndependentTargetsInParallel = 1;
				LastSwiftUpdateCheck = 1400;
				LastUpgradeCheck = 1400;
				TargetAttributes = {
					46D6CC6F2903353C009350A8 = {
						CreatedOnToolsVersion = 14.0.1;
					};
				};
			};
			buildConfigurationList = 46D6CC6B2903353C009350A8 /* Build configuration list for PBXProject "EmploeesList" */;
			compatibilityVersion = "Xcode 14.0";
			developmentRegion = en;
			hasScannedForEncodings = 0;
			knownRegions = (
				en,
				Base,
			);
			mainGroup = 46D6CC672903353C009350A8;
			productRefGroup = 46D6CC712903353C009350A8 /* Products */;
			projectDirPath = "";
			projectRoot = "";
			targets = (
				46D6CC6F2903353C009350A8 /* EmploeesList */,
			);
		};
/* End PBXProject section */

/* Begin PBXResourcesBuildPhase section */
		46D6CC6E2903353C009350A8 /* Resources */ = {
			isa = PBXResourcesBuildPhase;
			buildActionMask = 2147483647;
			files = (
				46D6CC802903353D009350A8 /* LaunchScreen.storyboard in Resources */,
				46D6CC9529033BE0009350A8 /* EmployeeTableViewCell.xib in Resources */,
				46D6CC7D2903353D009350A8 /* Assets.xcassets in Resources */,
				46D6CC7B2903353C009350A8 /* Main.storyboard in Resources */,
			);
			runOnlyForDeploymentPostprocessing = 0;
		};
/* End PBXResourcesBuildPhase section */

/* Begin PBXSourcesBuildPhase section */
		46D6CC6C2903353C009350A8 /* Sources */ = {
			isa = PBXSourcesBuildPhase;
			buildActionMask = 2147483647;
			files = (
				46D6CC8D29033610009350A8 /* APIManager.swift in Sources */,
				46D6CC9429033BE0009350A8 /* EmployeeTableViewCell.swift in Sources */,
				46D6CC782903353C009350A8 /* EmployeeViewController.swift in Sources */,
				46D6CC9129033945009350A8 /* EmployeesViewModel.swift in Sources */,
				46D6CC742903353C009350A8 /* AppDelegate.swift in Sources */,
				46D6CC8F2903371A009350A8 /* EmployeeModel.swift in Sources */,
				46D6CC762903353C009350A8 /* SceneDelegate.swift in Sources */,
				46EC8B0B290410150014471E /* DataStoreManager.swift in Sources */,
				46EC8B092904100A0014471E /* EmploeesList.xcdatamodeld in Sources */,
			);
			runOnlyForDeploymentPostprocessing = 0;
		};
/* End PBXSourcesBuildPhase section */

/* Begin PBXVariantGroup section */
		46D6CC792903353C009350A8 /* Main.storyboard */ = {
			isa = PBXVariantGroup;
			children = (
				46D6CC7A2903353C009350A8 /* Base */,
			);
			name = Main.storyboard;
			sourceTree = "<group>";
		};
		46D6CC7E2903353D009350A8 /* LaunchScreen.storyboard */ = {
			isa = PBXVariantGroup;
			children = (
				46D6CC7F2903353D009350A8 /* Base */,
			);
			name = LaunchScreen.storyboard;
			sourceTree = "<group>";
		};
/* End PBXVariantGroup section */

/* Begin XCBuildConfiguration section */
		46D6CC822903353D009350A8 /* Debug */ = {
			isa = XCBuildConfiguration;
			buildSettings = {
				ALWAYS_SEARCH_USER_PATHS = NO;
				CLANG_ANALYZER_NONNULL = YES;
				CLANG_ANALYZER_NUMBER_OBJECT_CONVERSION = YES_AGGRESSIVE;
				CLANG_CXX_LANGUAGE_STANDARD = "gnu++20";
				CLANG_ENABLE_MODULES = YES;
				CLANG_ENABLE_OBJC_ARC = YES;
				CLANG_ENABLE_OBJC_WEAK = YES;
				CLANG_WARN_BLOCK_CAPTURE_AUTORELEASING = YES;
				CLANG_WARN_BOOL_CONVERSION = YES;
				CLANG_WARN_COMMA = YES;
				CLANG_WARN_CONSTANT_CONVERSION = YES;
				CLANG_WARN_DEPRECATED_OBJC_IMPLEMENTATIONS = YES;
				CLANG_WARN_DIRECT_OBJC_ISA_USAGE = YES_ERROR;
				CLANG_WARN_DOCUMENTATION_COMMENTS = YES;
				CLANG_WARN_EMPTY_BODY = YES;
				CLANG_WARN_ENUM_CONVERSION = YES;
				CLANG_WARN_INFINITE_RECURSION = YES;
				CLANG_WARN_INT_CONVERSION = YES;
				CLANG_WARN_NON_LITERAL_NULL_CONVERSION = YES;
				CLANG_WARN_OBJC_IMPLICIT_RETAIN_SELF = YES;
				CLANG_WARN_OBJC_LITERAL_CONVERSION = YES;
				CLANG_WARN_OBJC_ROOT_CLASS = YES_ERROR;
				CLANG_WARN_QUOTED_INCLUDE_IN_FRAMEWORK_HEADER = YES;
				CLANG_WARN_RANGE_LOOP_ANALYSIS = YES;
				CLANG_WARN_STRICT_PROTOTYPES = YES;
				CLANG_WARN_SUSPICIOUS_MOVE = YES;
				CLANG_WARN_UNGUARDED_AVAILABILITY = YES_AGGRESSIVE;
				CLANG_WARN_UNREACHABLE_CODE = YES;
				CLANG_WARN__DUPLICATE_METHOD_MATCH = YES;
				COPY_PHASE_STRIP = NO;
				DEBUG_INFORMATION_FORMAT = dwarf;
				ENABLE_STRICT_OBJC_MSGSEND = YES;
				ENABLE_TESTABILITY = YES;
				GCC_C_LANGUAGE_STANDARD = gnu11;
				GCC_DYNAMIC_NO_PIC = NO;
				GCC_NO_COMMON_BLOCKS = YES;
				GCC_OPTIMIZATION_LEVEL = 0;
				GCC_PREPROCESSOR_DEFINITIONS = (
					"DEBUG=1",
					"$(inherited)",
				);
				GCC_WARN_64_TO_32_BIT_CONVERSION = YES;
				GCC_WARN_ABOUT_RETURN_TYPE = YES_ERROR;
				GCC_WARN_UNDECLARED_SELECTOR = YES;
				GCC_WARN_UNINITIALIZED_AUTOS = YES_AGGRESSIVE;
				GCC_WARN_UNUSED_FUNCTION = YES;
				GCC_WARN_UNUSED_VARIABLE = YES;
				IPHONEOS_DEPLOYMENT_TARGET = 16.0;
				MTL_ENABLE_DEBUG_INFO = INCLUDE_SOURCE;
				MTL_FAST_MATH = YES;
				ONLY_ACTIVE_ARCH = YES;
				SDKROOT = iphoneos;
				SWIFT_ACTIVE_COMPILATION_CONDITIONS = DEBUG;
				SWIFT_OPTIMIZATION_LEVEL = "-Onone";
			};
			name = Debug;
		};
		46D6CC832903353D009350A8 /* Release */ = {
			isa = XCBuildConfiguration;
			buildSettings = {
				ALWAYS_SEARCH_USER_PATHS = NO;
				CLANG_ANALYZER_NONNULL = YES;
				CLANG_ANALYZER_NUMBER_OBJECT_CONVERSION = YES_AGGRESSIVE;
				CLANG_CXX_LANGUAGE_STANDARD = "gnu++20";
				CLANG_ENABLE_MODULES = YES;
				CLANG_ENABLE_OBJC_ARC = YES;
				CLANG_ENABLE_OBJC_WEAK = YES;
				CLANG_WARN_BLOCK_CAPTURE_AUTORELEASING = YES;
				CLANG_WARN_BOOL_CONVERSION = YES;
				CLANG_WARN_COMMA = YES;
				CLANG_WARN_CONSTANT_CONVERSION = YES;
				CLANG_WARN_DEPRECATED_OBJC_IMPLEMENTATIONS = YES;
				CLANG_WARN_DIRECT_OBJC_ISA_USAGE = YES_ERROR;
				CLANG_WARN_DOCUMENTATION_COMMENTS = YES;
				CLANG_WARN_EMPTY_BODY = YES;
				CLANG_WARN_ENUM_CONVERSION = YES;
				CLANG_WARN_INFINITE_RECURSION = YES;
				CLANG_WARN_INT_CONVERSION = YES;
				CLANG_WARN_NON_LITERAL_NULL_CONVERSION = YES;
				CLANG_WARN_OBJC_IMPLICIT_RETAIN_SELF = YES;
				CLANG_WARN_OBJC_LITERAL_CONVERSION = YES;
				CLANG_WARN_OBJC_ROOT_CLASS = YES_ERROR;
				CLANG_WARN_QUOTED_INCLUDE_IN_FRAMEWORK_HEADER = YES;
				CLANG_WARN_RANGE_LOOP_ANALYSIS = YES;
				CLANG_WARN_STRICT_PROTOTYPES = YES;
				CLANG_WARN_SUSPICIOUS_MOVE = YES;
				CLANG_WARN_UNGUARDED_AVAILABILITY = YES_AGGRESSIVE;
				CLANG_WARN_UNREACHABLE_CODE = YES;
				CLANG_WARN__DUPLICATE_METHOD_MATCH = YES;
				COPY_PHASE_STRIP = NO;
				DEBUG_INFORMATION_FORMAT = "dwarf-with-dsym";
				ENABLE_NS_ASSERTIONS = NO;
				ENABLE_STRICT_OBJC_MSGSEND = YES;
				GCC_C_LANGUAGE_STANDARD = gnu11;
				GCC_NO_COMMON_BLOCKS = YES;
				GCC_WARN_64_TO_32_BIT_CONVERSION = YES;
				GCC_WARN_ABOUT_RETURN_TYPE = YES_ERROR;
				GCC_WARN_UNDECLARED_SELECTOR = YES;
				GCC_WARN_UNINITIALIZED_AUTOS = YES_AGGRESSIVE;
				GCC_WARN_UNUSED_FUNCTION = YES;
				GCC_WARN_UNUSED_VARIABLE = YES;
				IPHONEOS_DEPLOYMENT_TARGET = 16.0;
				MTL_ENABLE_DEBUG_INFO = NO;
				MTL_FAST_MATH = YES;
				SDKROOT = iphoneos;
				SWIFT_COMPILATION_MODE = wholemodule;
				SWIFT_OPTIMIZATION_LEVEL = "-O";
				VALIDATE_PRODUCT = YES;
			};
			name = Release;
		};
		46D6CC852903353D009350A8 /* Debug */ = {
			isa = XCBuildConfiguration;
			buildSettings = {
				ASSETCATALOG_COMPILER_APPICON_NAME = AppIcon;
				ASSETCATALOG_COMPILER_GLOBAL_ACCENT_COLOR_NAME = AccentColor;
				CODE_SIGN_STYLE = Automatic;
				CURRENT_PROJECT_VERSION = 1;
				DEVELOPMENT_TEAM = R582PYM84Q;
				GENERATE_INFOPLIST_FILE = YES;
				INFOPLIST_FILE = EmploeesList/Info.plist;
				INFOPLIST_KEY_UIApplicationSupportsIndirectInputEvents = YES;
				INFOPLIST_KEY_UILaunchStoryboardName = LaunchScreen;
				INFOPLIST_KEY_UIMainStoryboardFile = Main;
				INFOPLIST_KEY_UISupportedInterfaceOrientations_iPad = "UIInterfaceOrientationPortrait UIInterfaceOrientationPortraitUpsideDown UIInterfaceOrientationLandscapeLeft UIInterfaceOrientationLandscapeRight";
				INFOPLIST_KEY_UISupportedInterfaceOrientations_iPhone = "UIInterfaceOrientationPortrait UIInterfaceOrientationLandscapeLeft UIInterfaceOrientationLandscapeRight";
				IPHONEOS_DEPLOYMENT_TARGET = 13.0;
				LD_RUNPATH_SEARCH_PATHS = (
					"$(inherited)",
					"@executable_path/Frameworks",
				);
				MARKETING_VERSION = 1.0;
				PRODUCT_BUNDLE_IDENTIFIER = alexandra.EmploeesList;
				PRODUCT_NAME = "$(TARGET_NAME)";
				SUPPORTED_PLATFORMS = "iphoneos iphonesimulator";
				SUPPORTS_MACCATALYST = NO;
				SUPPORTS_MAC_DESIGNED_FOR_IPHONE_IPAD = NO;
				SWIFT_EMIT_LOC_STRINGS = YES;
				SWIFT_VERSION = 5.0;
				TARGETED_DEVICE_FAMILY = "1,2";
			};
			name = Debug;
		};
		46D6CC862903353D009350A8 /* Release */ = {
			isa = XCBuildConfiguration;
			buildSettings = {
				ASSETCATALOG_COMPILER_APPICON_NAME = AppIcon;
				ASSETCATALOG_COMPILER_GLOBAL_ACCENT_COLOR_NAME = AccentColor;
				CODE_SIGN_STYLE = Automatic;
				CURRENT_PROJECT_VERSION = 1;
				DEVELOPMENT_TEAM = R582PYM84Q;
				GENERATE_INFOPLIST_FILE = YES;
				INFOPLIST_FILE = EmploeesList/Info.plist;
				INFOPLIST_KEY_UIApplicationSupportsIndirectInputEvents = YES;
				INFOPLIST_KEY_UILaunchStoryboardName = LaunchScreen;
				INFOPLIST_KEY_UIMainStoryboardFile = Main;
				INFOPLIST_KEY_UISupportedInterfaceOrientations_iPad = "UIInterfaceOrientationPortrait UIInterfaceOrientationPortraitUpsideDown UIInterfaceOrientationLandscapeLeft UIInterfaceOrientationLandscapeRight";
				INFOPLIST_KEY_UISupportedInterfaceOrientations_iPhone = "UIInterfaceOrientationPortrait UIInterfaceOrientationLandscapeLeft UIInterfaceOrientationLandscapeRight";
				IPHONEOS_DEPLOYMENT_TARGET = 13.0;
				LD_RUNPATH_SEARCH_PATHS = (
					"$(inherited)",
					"@executable_path/Frameworks",
				);
				MARKETING_VERSION = 1.0;
				PRODUCT_BUNDLE_IDENTIFIER = alexandra.EmploeesList;
				PRODUCT_NAME = "$(TARGET_NAME)";
				SUPPORTED_PLATFORMS = "iphoneos iphonesimulator";
				SUPPORTS_MACCATALYST = NO;
				SUPPORTS_MAC_DESIGNED_FOR_IPHONE_IPAD = NO;
				SWIFT_EMIT_LOC_STRINGS = YES;
				SWIFT_VERSION = 5.0;
				TARGETED_DEVICE_FAMILY = "1,2";
			};
			name = Release;
		};
/* End XCBuildConfiguration section */

/* Begin XCConfigurationList section */
		46D6CC6B2903353C009350A8 /* Build configuration list for PBXProject "EmploeesList" */ = {
			isa = XCConfigurationList;
			buildConfigurations = (
				46D6CC822903353D009350A8 /* Debug */,
				46D6CC832903353D009350A8 /* Release */,
			);
			defaultConfigurationIsVisible = 0;
			defaultConfigurationName = Release;
		};
		46D6CC842903353D009350A8 /* Build configuration list for PBXNativeTarget "EmploeesList" */ = {
			isa = XCConfigurationList;
			buildConfigurations = (
				46D6CC852903353D009350A8 /* Debug */,
				46D6CC862903353D009350A8 /* Release */,
			);
			defaultConfigurationIsVisible = 0;
			defaultConfigurationName = Release;
		};
/* End XCConfigurationList section */

/* Begin XCVersionGroup section */
		46EC8B072904100A0014471E /* EmploeesList.xcdatamodeld */ = {
			isa = XCVersionGroup;
			children = (
				46EC8B082904100A0014471E /* EmploeesList.xcdatamodel */,
			);
			currentVersion = 46EC8B082904100A0014471E /* EmploeesList.xcdatamodel */;
			path = EmploeesList.xcdatamodeld;
			sourceTree = "<group>";
			versionGroupType = wrapper.xcdatamodel;
		};
/* End XCVersionGroup section */
	};
	rootObject = 46D6CC682903353C009350A8 /* Project object */;
}
